
Microsoft Visual Studio Solution File, Format Version 12.00
# Visual Studio Version 16
VisualStudioVersion = 16.0.31624.102
MinimumVisualStudioVersion = 10.0.40219.1
Project("{FAE04EC0-301F-11D3-BF4B-00C04F79EFBC}") = "ChurchMemberDataManagement", "ChurchDataManagement\ChurchMemberDataManagement.csproj", "{5BCCF99C-6D4B-4591-8186-2F730369F173}"
EndProject
Global
	GlobalSection(SolutionConfigurationPlatforms) = preSolution
		Debug|Any CPU = Debug|Any CPU
		Release|Any CPU = Release|Any CPU
	EndGlobalSection
	GlobalSection(ProjectConfigurationPlatforms) = postSolution
		{5BCCF99C-6D4B-4591-8186-2F730369F173}.Debug|Any CPU.ActiveCfg = Debug|Any CPU
		{5BCCF99C-6D4B-4591-8186-2F730369F173}.Debug|Any CPU.Build.0 = Debug|Any CPU
		{5BCCF99C-6D4B-4591-8186-2F730369F173}.Release|Any CPU.ActiveCfg = Release|Any CPU
		{5BCCF99C-6D4B-4591-8186-2F730369F173}.Release|Any CPU.Build.0 = Release|Any CPU
	EndGlobalSection
	GlobalSection(SolutionProperties) = preSolution
		HideSolutionNode = FALSE
	EndGlobalSection
	GlobalSection(ExtensibilityGlobals) = postSolution
		SolutionGuid = {9E4F7DC1-B8CB-4A4F-81E7-FD72A913F1D5}
	EndGlobalSection
EndGlobal
